
Microsoft Visual Studio Solution File, Format Version 12.00
# Visual Studio Version 17
VisualStudioVersion = 17.9.34607.119
MinimumVisualStudioVersion = 10.0.40219.1
Project("{FAE04EC0-301F-11D3-BF4B-00C04F79EFBC}") = "Programas de prueba", "Programas de prueba\Programas de prueba.csproj", "{77EF48F2-12BF-42C3-9159-D9679B1ADDFF}"
EndProject
Global
	GlobalSection(SolutionConfigurationPlatforms) = preSolution
		Debug|Any CPU = Debug|Any CPU
		Release|Any CPU = Release|Any CPU
	EndGlobalSection
	GlobalSection(ProjectConfigurationPlatforms) = postSolution
		{77EF48F2-12BF-42C3-9159-D9679B1ADDFF}.Debug|Any CPU.ActiveCfg = Debug|Any CPU
		{77EF48F2-12BF-42C3-9159-D9679B1ADDFF}.Debug|Any CPU.Build.0 = Debug|Any CPU
		{77EF48F2-12BF-42C3-9159-D9679B1ADDFF}.Release|Any CPU.ActiveCfg = Release|Any CPU
		{77EF48F2-12BF-42C3-9159-D9679B1ADDFF}.Release|Any CPU.Build.0 = Release|Any CPU
	EndGlobalSection
	GlobalSection(SolutionProperties) = preSolution
		HideSolutionNode = FALSE
	EndGlobalSection
	GlobalSection(ExtensibilityGlobals) = postSolution
		SolutionGuid = {10091CD1-59BE-4BD3-8FC3-72B587571D88}
	EndGlobalSection
EndGlobal
